// !$*UTF8*$!
{
	archiveVersion = 1;
	classes = {
	};
	objectVersion = 56;
	objects = {

/* Begin PBXBuildFile section */
		17D491112B0B76140087A9D4 /* DiscountCodeView.swift in Sources */ = {isa = PBXBuildFile; fileRef = 17D491102B0B76140087A9D4 /* DiscountCodeView.swift */; };
		17D491132B0B9B150087A9D4 /* ModalExampleView.swift in Sources */ = {isa = PBXBuildFile; fileRef = 17D491122B0B9B150087A9D4 /* ModalExampleView.swift */; };
		17F65E1D2B04BE6900E2FDDA /* TrainlineApp.swift in Sources */ = {isa = PBXBuildFile; fileRef = 17F65E1C2B04BE6900E2FDDA /* TrainlineApp.swift */; };
		17F65E1F2B04BE6900E2FDDA /* ContentView.swift in Sources */ = {isa = PBXBuildFile; fileRef = 17F65E1E2B04BE6900E2FDDA /* ContentView.swift */; };
		17F65E212B04BE6900E2FDDA /* Assets.xcassets in Resources */ = {isa = PBXBuildFile; fileRef = 17F65E202B04BE6900E2FDDA /* Assets.xcassets */; };
		17F65E242B04BE6900E2FDDA /* Preview Assets.xcassets in Resources */ = {isa = PBXBuildFile; fileRef = 17F65E232B04BE6900E2FDDA /* Preview Assets.xcassets */; };
		17F65E2B2B04C1B300E2FDDA /* ResearchView.swift in Sources */ = {isa = PBXBuildFile; fileRef = 17F65E2A2B04C1B300E2FDDA /* ResearchView.swift */; };
		17F65E2D2B04E49100E2FDDA /* AddPassengerView.swift in Sources */ = {isa = PBXBuildFile; fileRef = 17F65E2C2B04E49100E2FDDA /* AddPassengerView.swift */; };
		17F65E302B0759F200E2FDDA /* ListTrainView.swift in Sources */ = {isa = PBXBuildFile; fileRef = 17F65E2F2B0759F100E2FDDA /* ListTrainView.swift */; };
/* End PBXBuildFile section */

/* Begin PBXFileReference section */
		17D491102B0B76140087A9D4 /* DiscountCodeView.swift */ = {isa = PBXFileReference; lastKnownFileType = sourcecode.swift; path = DiscountCodeView.swift; sourceTree = "<group>"; };
		17D491122B0B9B150087A9D4 /* ModalExampleView.swift */ = {isa = PBXFileReference; lastKnownFileType = sourcecode.swift; path = ModalExampleView.swift; sourceTree = "<group>"; };
		17F65E192B04BE6900E2FDDA /* Trainline.app */ = {isa = PBXFileReference; explicitFileType = wrapper.application; includeInIndex = 0; path = Trainline.app; sourceTree = BUILT_PRODUCTS_DIR; };
		17F65E1C2B04BE6900E2FDDA /* TrainlineApp.swift */ = {isa = PBXFileReference; lastKnownFileType = sourcecode.swift; path = TrainlineApp.swift; sourceTree = "<group>"; };
		17F65E1E2B04BE6900E2FDDA /* ContentView.swift */ = {isa = PBXFileReference; lastKnownFileType = sourcecode.swift; path = ContentView.swift; sourceTree = "<group>"; };
		17F65E202B04BE6900E2FDDA /* Assets.xcassets */ = {isa = PBXFileReference; lastKnownFileType = folder.assetcatalog; path = Assets.xcassets; sourceTree = "<group>"; };
		17F65E232B04BE6900E2FDDA /* Preview Assets.xcassets */ = {isa = PBXFileReference; lastKnownFileType = folder.assetcatalog; path = "Preview Assets.xcassets"; sourceTree = "<group>"; };
		17F65E2A2B04C1B300E2FDDA /* ResearchView.swift */ = {isa = PBXFileReference; lastKnownFileType = sourcecode.swift; path = ResearchView.swift; sourceTree = "<group>"; };
		17F65E2C2B04E49100E2FDDA /* AddPassengerView.swift */ = {isa = PBXFileReference; lastKnownFileType = sourcecode.swift; path = AddPassengerView.swift; sourceTree = "<group>"; };
		17F65E2F2B0759F100E2FDDA /* ListTrainView.swift */ = {isa = PBXFileReference; lastKnownFileType = sourcecode.swift; path = ListTrainView.swift; sourceTree = "<group>"; };
/* End PBXFileReference section */

/* Begin PBXFrameworksBuildPhase section */
		17F65E162B04BE6900E2FDDA /* Frameworks */ = {
			isa = PBXFrameworksBuildPhase;
			buildActionMask = 2147483647;
			files = (
			);
			runOnlyForDeploymentPostprocessing = 0;
		};
/* End PBXFrameworksBuildPhase section */

/* Begin PBXGroup section */
		17F65E102B04BE6900E2FDDA = {
			isa = PBXGroup;
			children = (
				17F65E1B2B04BE6900E2FDDA /* Trainline */,
				17F65E1A2B04BE6900E2FDDA /* Products */,
			);
			sourceTree = "<group>";
		};
		17F65E1A2B04BE6900E2FDDA /* Products */ = {
			isa = PBXGroup;
			children = (
				17F65E192B04BE6900E2FDDA /* Trainline.app */,
			);
			name = Products;
			sourceTree = "<group>";
		};
		17F65E1B2B04BE6900E2FDDA /* Trainline */ = {
			isa = PBXGroup;
			children = (
				17F65E1C2B04BE6900E2FDDA /* TrainlineApp.swift */,
				17F65E2E2B06181D00E2FDDA /* Views */,
				17F65E202B04BE6900E2FDDA /* Assets.xcassets */,
				17F65E222B04BE6900E2FDDA /* Preview Content */,
			);
			path = Trainline;
			sourceTree = "<group>";
		};
		17F65E222B04BE6900E2FDDA /* Preview Content */ = {
			isa = PBXGroup;
			children = (
				17F65E232B04BE6900E2FDDA /* Preview Assets.xcassets */,
			);
			path = "Preview Content";
			sourceTree = "<group>";
		};
		17F65E2E2B06181D00E2FDDA /* Views */ = {
			isa = PBXGroup;
			children = (
				17F65E1E2B04BE6900E2FDDA /* ContentView.swift */,
				17F65E2A2B04C1B300E2FDDA /* ResearchView.swift */,
				17F65E2F2B0759F100E2FDDA /* ListTrainView.swift */,
				17F65E2C2B04E49100E2FDDA /* AddPassengerView.swift */,
				17D491102B0B76140087A9D4 /* DiscountCodeView.swift */,
				17D491122B0B9B150087A9D4 /* ModalExampleView.swift */,
			);
			path = Views;
			sourceTree = "<group>";
		};
/* End PBXGroup section */

/* Begin PBXNativeTarget section */
		17F65E182B04BE6900E2FDDA /* Trainline */ = {
			isa = PBXNativeTarget;
			buildConfigurationList = 17F65E272B04BE6900E2FDDA /* Build configuration list for PBXNativeTarget "Trainline" */;
			buildPhases = (
				17F65E152B04BE6900E2FDDA /* Sources */,
				17F65E162B04BE6900E2FDDA /* Frameworks */,
				17F65E172B04BE6900E2FDDA /* Resources */,
			);
			buildRules = (
			);
			dependencies = (
			);
			name = Trainline;
			productName = Trainline;
			productReference = 17F65E192B04BE6900E2FDDA /* Trainline.app */;
			productType = "com.apple.product-type.application";
		};
/* End PBXNativeTarget section */

/* Begin PBXProject section */
		17F65E112B04BE6900E2FDDA /* Project object */ = {
			isa = PBXProject;
			attributes = {
				BuildIndependentTargetsInParallel = 1;
				LastSwiftUpdateCheck = 1500;
				LastUpgradeCheck = 1500;
				TargetAttributes = {
					17F65E182B04BE6900E2FDDA = {
						CreatedOnToolsVersion = 15.0;
					};
				};
			};
			buildConfigurationList = 17F65E142B04BE6900E2FDDA /* Build configuration list for PBXProject "Trainline" */;
			compatibilityVersion = "Xcode 14.0";
			developmentRegion = en;
			hasScannedForEncodings = 0;
			knownRegions = (
				en,
				Base,
			);
			mainGroup = 17F65E102B04BE6900E2FDDA;
			productRefGroup = 17F65E1A2B04BE6900E2FDDA /* Products */;
			projectDirPath = "";
			projectRoot = "";
			targets = (
				17F65E182B04BE6900E2FDDA /* Trainline */,
			);
		};
/* End PBXProject section */

/* Begin PBXResourcesBuildPhase section */
		17F65E172B04BE6900E2FDDA /* Resources */ = {
			isa = PBXResourcesBuildPhase;
			buildActionMask = 2147483647;
			files = (
				17F65E242B04BE6900E2FDDA /* Preview Assets.xcassets in Resources */,
				17F65E212B04BE6900E2FDDA /* Assets.xcassets in Resources */,
			);
			runOnlyForDeploymentPostprocessing = 0;
		};
/* End PBXResourcesBuildPhase section */

/* Begin PBXSourcesBuildPhase section */
		17F65E152B04BE6900E2FDDA /* Sources */ = {
			isa = PBXSourcesBuildPhase;
			buildActionMask = 2147483647;
			files = (
				17D491132B0B9B150087A9D4 /* ModalExampleView.swift in Sources */,
				17D491112B0B76140087A9D4 /* DiscountCodeView.swift in Sources */,
				17F65E1F2B04BE6900E2FDDA /* ContentView.swift in Sources */,
				17F65E2D2B04E49100E2FDDA /* AddPassengerView.swift in Sources */,
				17F65E302B0759F200E2FDDA /* ListTrainView.swift in Sources */,
				17F65E1D2B04BE6900E2FDDA /* TrainlineApp.swift in Sources */,
				17F65E2B2B04C1B300E2FDDA /* ResearchView.swift in Sources */,
			);
			runOnlyForDeploymentPostprocessing = 0;
		};
/* End PBXSourcesBuildPhase section */

/* Begin XCBuildConfiguration section */
		17F65E252B04BE6900E2FDDA /* Debug */ = {
			isa = XCBuildConfiguration;
			buildSettings = {
				ALWAYS_SEARCH_USER_PATHS = NO;
				ASSETCATALOG_COMPILER_GENERATE_SWIFT_ASSET_SYMBOL_EXTENSIONS = YES;
				CLANG_ANALYZER_NONNULL = YES;
				CLANG_ANALYZER_NUMBER_OBJECT_CONVERSION = YES_AGGRESSIVE;
				CLANG_CXX_LANGUAGE_STANDARD = "gnu++20";
				CLANG_ENABLE_MODULES = YES;
				CLANG_ENABLE_OBJC_ARC = YES;
				CLANG_ENABLE_OBJC_WEAK = YES;
				CLANG_WARN_BLOCK_CAPTURE_AUTORELEASING = YES;
				CLANG_WARN_BOOL_CONVERSION = YES;
				CLANG_WARN_COMMA = YES;
				CLANG_WARN_CONSTANT_CONVERSION = YES;
				CLANG_WARN_DEPRECATED_OBJC_IMPLEMENTATIONS = YES;
				CLANG_WARN_DIRECT_OBJC_ISA_USAGE = YES_ERROR;
				CLANG_WARN_DOCUMENTATION_COMMENTS = YES;
				CLANG_WARN_EMPTY_BODY = YES;
				CLANG_WARN_ENUM_CONVERSION = YES;
				CLANG_WARN_INFINITE_RECURSION = YES;
				CLANG_WARN_INT_CONVERSION = YES;
				CLANG_WARN_NON_LITERAL_NULL_CONVERSION = YES;
				CLANG_WARN_OBJC_IMPLICIT_RETAIN_SELF = YES;
				CLANG_WARN_OBJC_LITERAL_CONVERSION = YES;
				CLANG_WARN_OBJC_ROOT_CLASS = YES_ERROR;
				CLANG_WARN_QUOTED_INCLUDE_IN_FRAMEWORK_HEADER = YES;
				CLANG_WARN_RANGE_LOOP_ANALYSIS = YES;
				CLANG_WARN_STRICT_PROTOTYPES = YES;
				CLANG_WARN_SUSPICIOUS_MOVE = YES;
				CLANG_WARN_UNGUARDED_AVAILABILITY = YES_AGGRESSIVE;
				CLANG_WARN_UNREACHABLE_CODE = YES;
				CLANG_WARN__DUPLICATE_METHOD_MATCH = YES;
				COPY_PHASE_STRIP = NO;
				DEBUG_INFORMATION_FORMAT = dwarf;
				ENABLE_STRICT_OBJC_MSGSEND = YES;
				ENABLE_TESTABILITY = YES;
				ENABLE_USER_SCRIPT_SANDBOXING = YES;
				GCC_C_LANGUAGE_STANDARD = gnu17;
				GCC_DYNAMIC_NO_PIC = NO;
				GCC_NO_COMMON_BLOCKS = YES;
				GCC_OPTIMIZATION_LEVEL = 0;
				GCC_PREPROCESSOR_DEFINITIONS = (
					"DEBUG=1",
					"$(inherited)",
				);
				GCC_WARN_64_TO_32_BIT_CONVERSION = YES;
				GCC_WARN_ABOUT_RETURN_TYPE = YES_ERROR;
				GCC_WARN_UNDECLARED_SELECTOR = YES;
				GCC_WARN_UNINITIALIZED_AUTOS = YES_AGGRESSIVE;
				GCC_WARN_UNUSED_FUNCTION = YES;
				GCC_WARN_UNUSED_VARIABLE = YES;
				IPHONEOS_DEPLOYMENT_TARGET = 17.0;
				LOCALIZATION_PREFERS_STRING_CATALOGS = YES;
				MTL_ENABLE_DEBUG_INFO = INCLUDE_SOURCE;
				MTL_FAST_MATH = YES;
				ONLY_ACTIVE_ARCH = YES;
				SDKROOT = iphoneos;
				SWIFT_ACTIVE_COMPILATION_CONDITIONS = "DEBUG $(inherited)";
				SWIFT_OPTIMIZATION_LEVEL = "-Onone";
			};
			name = Debug;
		};
		17F65E262B04BE6900E2FDDA /* Release */ = {
			isa = XCBuildConfiguration;
			buildSettings = {
				ALWAYS_SEARCH_USER_PATHS = NO;
				ASSETCATALOG_COMPILER_GENERATE_SWIFT_ASSET_SYMBOL_EXTENSIONS = YES;
				CLANG_ANALYZER_NONNULL = YES;
				CLANG_ANALYZER_NUMBER_OBJECT_CONVERSION = YES_AGGRESSIVE;
				CLANG_CXX_LANGUAGE_STANDARD = "gnu++20";
				CLANG_ENABLE_MODULES = YES;
				CLANG_ENABLE_OBJC_ARC = YES;
				CLANG_ENABLE_OBJC_WEAK = YES;
				CLANG_WARN_BLOCK_CAPTURE_AUTORELEASING = YES;
				CLANG_WARN_BOOL_CONVERSION = YES;
				CLANG_WARN_COMMA = YES;
				CLANG_WARN_CONSTANT_CONVERSION = YES;
				CLANG_WARN_DEPRECATED_OBJC_IMPLEMENTATIONS = YES;
				CLANG_WARN_DIRECT_OBJC_ISA_USAGE = YES_ERROR;
				CLANG_WARN_DOCUMENTATION_COMMENTS = YES;
				CLANG_WARN_EMPTY_BODY = YES;
				CLANG_WARN_ENUM_CONVERSION = YES;
				CLANG_WARN_INFINITE_RECURSION = YES;
				CLANG_WARN_INT_CONVERSION = YES;
				CLANG_WARN_NON_LITERAL_NULL_CONVERSION = YES;
				CLANG_WARN_OBJC_IMPLICIT_RETAIN_SELF = YES;
				CLANG_WARN_OBJC_LITERAL_CONVERSION = YES;
				CLANG_WARN_OBJC_ROOT_CLASS = YES_ERROR;
				CLANG_WARN_QUOTED_INCLUDE_IN_FRAMEWORK_HEADER = YES;
				CLANG_WARN_RANGE_LOOP_ANALYSIS = YES;
				CLANG_WARN_STRICT_PROTOTYPES = YES;
				CLANG_WARN_SUSPICIOUS_MOVE = YES;
				CLANG_WARN_UNGUARDED_AVAILABILITY = YES_AGGRESSIVE;
				CLANG_WARN_UNREACHABLE_CODE = YES;
				CLANG_WARN__DUPLICATE_METHOD_MATCH = YES;
				COPY_PHASE_STRIP = NO;
				DEBUG_INFORMATION_FORMAT = "dwarf-with-dsym";
				ENABLE_NS_ASSERTIONS = NO;
				ENABLE_STRICT_OBJC_MSGSEND = YES;
				ENABLE_USER_SCRIPT_SANDBOXING = YES;
				GCC_C_LANGUAGE_STANDARD = gnu17;
				GCC_NO_COMMON_BLOCKS = YES;
				GCC_WARN_64_TO_32_BIT_CONVERSION = YES;
				GCC_WARN_ABOUT_RETURN_TYPE = YES_ERROR;
				GCC_WARN_UNDECLARED_SELECTOR = YES;
				GCC_WARN_UNINITIALIZED_AUTOS = YES_AGGRESSIVE;
				GCC_WARN_UNUSED_FUNCTION = YES;
				GCC_WARN_UNUSED_VARIABLE = YES;
				IPHONEOS_DEPLOYMENT_TARGET = 17.0;
				LOCALIZATION_PREFERS_STRING_CATALOGS = YES;
				MTL_ENABLE_DEBUG_INFO = NO;
				MTL_FAST_MATH = YES;
				SDKROOT = iphoneos;
				SWIFT_COMPILATION_MODE = wholemodule;
				VALIDATE_PRODUCT = YES;
			};
			name = Release;
		};
		17F65E282B04BE6900E2FDDA /* Debug */ = {
			isa = XCBuildConfiguration;
			buildSettings = {
				ASSETCATALOG_COMPILER_APPICON_NAME = AppIcon;
				ASSETCATALOG_COMPILER_GLOBAL_ACCENT_COLOR_NAME = AccentColor;
				CODE_SIGN_STYLE = Automatic;
				CURRENT_PROJECT_VERSION = 1;
				DEVELOPMENT_ASSET_PATHS = "\"Trainline/Preview Content\"";
				DEVELOPMENT_TEAM = 25V24PM769;
				ENABLE_PREVIEWS = YES;
				GENERATE_INFOPLIST_FILE = YES;
				INFOPLIST_KEY_UIApplicationSceneManifest_Generation = YES;
				INFOPLIST_KEY_UIApplicationSupportsIndirectInputEvents = YES;
				INFOPLIST_KEY_UILaunchScreen_Generation = YES;
				INFOPLIST_KEY_UISupportedInterfaceOrientations_iPad = "UIInterfaceOrientationPortrait UIInterfaceOrientationPortraitUpsideDown UIInterfaceOrientationLandscapeLeft UIInterfaceOrientationLandscapeRight";
				INFOPLIST_KEY_UISupportedInterfaceOrientations_iPhone = "UIInterfaceOrientationPortrait UIInterfaceOrientationLandscapeLeft UIInterfaceOrientationLandscapeRight";
				LD_RUNPATH_SEARCH_PATHS = (
					"$(inherited)",
					"@executable_path/Frameworks",
				);
				MARKETING_VERSION = 1.0;
				PRODUCT_BUNDLE_IDENTIFIER = com.AlessiaApp.Trainline;
				PRODUCT_NAME = "$(TARGET_NAME)";
				SWIFT_EMIT_LOC_STRINGS = YES;
				SWIFT_VERSION = 5.0;
				TARGETED_DEVICE_FAMILY = "1,2";
			};
			name = Debug;
		};
		17F65E292B04BE6900E2FDDA /* Release */ = {
			isa = XCBuildConfiguration;
			buildSettings = {
				ASSETCATALOG_COMPILER_APPICON_NAME = AppIcon;
				ASSETCATALOG_COMPILER_GLOBAL_ACCENT_COLOR_NAME = AccentColor;
				CODE_SIGN_STYLE = Automatic;
				CURRENT_PROJECT_VERSION = 1;
				DEVELOPMENT_ASSET_PATHS = "\"Trainline/Preview Content\"";
				DEVELOPMENT_TEAM = 25V24PM769;
				ENABLE_PREVIEWS = YES;
				GENERATE_INFOPLIST_FILE = YES;
				INFOPLIST_KEY_UIApplicationSceneManifest_Generation = YES;
				INFOPLIST_KEY_UIApplicationSupportsIndirectInputEvents = YES;
				INFOPLIST_KEY_UILaunchScreen_Generation = YES;
				INFOPLIST_KEY_UISupportedInterfaceOrientations_iPad = "UIInterfaceOrientationPortrait UIInterfaceOrientationPortraitUpsideDown UIInterfaceOrientationLandscapeLeft UIInterfaceOrientationLandscapeRight";
				INFOPLIST_KEY_UISupportedInterfaceOrientations_iPhone = "UIInterfaceOrientationPortrait UIInterfaceOrientationLandscapeLeft UIInterfaceOrientationLandscapeRight";
				LD_RUNPATH_SEARCH_PATHS = (
					"$(inherited)",
					"@executable_path/Frameworks",
				);
				MARKETING_VERSION = 1.0;
				PRODUCT_BUNDLE_IDENTIFIER = com.AlessiaApp.Trainline;
				PRODUCT_NAME = "$(TARGET_NAME)";
				SWIFT_EMIT_LOC_STRINGS = YES;
				SWIFT_VERSION = 5.0;
				TARGETED_DEVICE_FAMILY = "1,2";
			};
			name = Release;
		};
/* End XCBuildConfiguration section */

/* Begin XCConfigurationList section */
		17F65E142B04BE6900E2FDDA /* Build configuration list for PBXProject "Trainline" */ = {
			isa = XCConfigurationList;
			buildConfigurations = (
				17F65E252B04BE6900E2FDDA /* Debug */,
				17F65E262B04BE6900E2FDDA /* Release */,
			);
			defaultConfigurationIsVisible = 0;
			defaultConfigurationName = Release;
		};
		17F65E272B04BE6900E2FDDA /* Build configuration list for PBXNativeTarget "Trainline" */ = {
			isa = XCConfigurationList;
			buildConfigurations = (
				17F65E282B04BE6900E2FDDA /* Debug */,
				17F65E292B04BE6900E2FDDA /* Release */,
			);
			defaultConfigurationIsVisible = 0;
			defaultConfigurationName = Release;
		};
/* End XCConfigurationList section */
	};
	rootObject = 17F65E112B04BE6900E2FDDA /* Project object */;
}
